
Microsoft Visual Studio Solution File, Format Version 12.00
# Visual Studio Version 16
VisualStudioVersion = 16.0.28803.156
MinimumVisualStudioVersion = 10.0.40219.1
Project("{FAE04EC0-301F-11D3-BF4B-00C04F79EFBC}") = "LeetCode", "ForLeetCode\LeetCode.csproj", "{33BE324A-A083-443A-8FC5-6ED9DC18CF6E}"
EndProject
Project("{FAE04EC0-301F-11D3-BF4B-00C04F79EFBC}") = "LeetCodeTests", "LeetCodeTests\LeetCodeTests.csproj", "{92F7D7CE-6803-444C-A7C3-A918BCD2655F}"
EndProject
Global
	GlobalSection(SolutionConfigurationPlatforms) = preSolution
		Debug|Any CPU = Debug|Any CPU
		Release|Any CPU = Release|Any CPU
	EndGlobalSection
	GlobalSection(ProjectConfigurationPlatforms) = postSolution
		{33BE324A-A083-443A-8FC5-6ED9DC18CF6E}.Debug|Any CPU.ActiveCfg = Debug|Any CPU
		{33BE324A-A083-443A-8FC5-6ED9DC18CF6E}.Debug|Any CPU.Build.0 = Debug|Any CPU
		{33BE324A-A083-443A-8FC5-6ED9DC18CF6E}.Release|Any CPU.ActiveCfg = Release|Any CPU
		{33BE324A-A083-443A-8FC5-6ED9DC18CF6E}.Release|Any CPU.Build.0 = Release|Any CPU
		{92F7D7CE-6803-444C-A7C3-A918BCD2655F}.Debug|Any CPU.ActiveCfg = Debug|Any CPU
		{92F7D7CE-6803-444C-A7C3-A918BCD2655F}.Debug|Any CPU.Build.0 = Debug|Any CPU
		{92F7D7CE-6803-444C-A7C3-A918BCD2655F}.Release|Any CPU.ActiveCfg = Release|Any CPU
		{92F7D7CE-6803-444C-A7C3-A918BCD2655F}.Release|Any CPU.Build.0 = Release|Any CPU
	EndGlobalSection
	GlobalSection(SolutionProperties) = preSolution
		HideSolutionNode = FALSE
	EndGlobalSection
	GlobalSection(ExtensibilityGlobals) = postSolution
		SolutionGuid = {445A8596-24F8-42DB-963F-2FD860DB2239}
	EndGlobalSection
	GlobalSection(MonoDevelopProperties) = preSolution
		Policies = $0
		$0.DotNetNamingPolicy = $1
		$1.DirectoryNamespaceAssociation = PrefixedHierarchical
		$0.TextStylePolicy = $2
		$2.inheritsSet = null
		$2.scope = text/x-csharp
		$0.CSharpFormattingPolicy = $3
		$3.scope = text/x-csharp
		$0.TextStylePolicy = $4
		$4.FileWidth = 80
		$4.TabsToSpaces = True
		$4.scope = text/plain
		$0.StandardHeader = $5
		$0.VersionControlPolicy = $6
		version = 0.2
	EndGlobalSection
EndGlobal
